# THIS IS AN AUTOGENERATED FILE. DO NOT EDIT THIS FILE DIRECTLY.
# yarn lockfile v1


accept@3.x.x:
  version "3.0.2"
  resolved "https://registry.yarnpkg.com/accept/-/accept-3.0.2.tgz#83e41cec7e1149f3fd474880423873db6c6cc9ac"
  dependencies:
    boom "7.x.x"
    hoek "5.x.x"

align-text@^0.1.1, align-text@^0.1.3:
  version "0.1.4"
  resolved "https://registry.yarnpkg.com/align-text/-/align-text-0.1.4.tgz#0cd90a561093f35d0a99256c22b7069433fad117"
  dependencies:
    kind-of "^3.0.2"
    longest "^1.0.1"
    repeat-string "^1.5.2"

amdefine@>=0.0.4:
  version "1.0.1"
  resolved "https://registry.yarnpkg.com/amdefine/-/amdefine-1.0.1.tgz#4a5282ac164729e93619bcfd3ad151f817ce91f5"

ammo@3.x.x:
  version "3.0.1"
  resolved "https://registry.yarnpkg.com/ammo/-/ammo-3.0.1.tgz#c79ceeac36fb4e55085ea3fe0c2f42bfa5f7c914"
  dependencies:
    hoek "5.x.x"

ansi-regex@^2.0.0:
  version "2.1.1"
  resolved "https://registry.yarnpkg.com/ansi-regex/-/ansi-regex-2.1.1.tgz#c3b33ab5ee360d86e0e628f0468ae7ef27d654df"

ansi-regex@^3.0.0:
  version "3.0.0"
  resolved "https://registry.yarnpkg.com/ansi-regex/-/ansi-regex-3.0.0.tgz#ed0317c322064f79466c02966bddb605ab37d998"

ansi-styles@^3.2.1:
  version "3.2.1"
  resolved "https://registry.yarnpkg.com/ansi-styles/-/ansi-styles-3.2.1.tgz#41fbb20243e50b12be0f04b8dedbf07520ce841d"
  dependencies:
    color-convert "^1.9.0"

argparse@^1.0.7:
  version "1.0.10"
  resolved "https://registry.yarnpkg.com/argparse/-/argparse-1.0.10.tgz#bcd6791ea5ae09725e17e5ad988134cd40b3d911"
  dependencies:
    sprintf-js "~1.0.2"

async@^1.4.0:
  version "1.5.2"
  resolved "https://registry.yarnpkg.com/async/-/async-1.5.2.tgz#ec6a61ae56480c0c3cb241c95618e20892f9672a"

b64@4.x.x:
  version "4.0.0"
  resolved "https://registry.yarnpkg.com/b64/-/b64-4.0.0.tgz#c37f587f0a383c7019e821120e8c3f58f0d22772"

balanced-match@^1.0.0:
  version "1.0.0"
  resolved "https://registry.yarnpkg.com/balanced-match/-/balanced-match-1.0.0.tgz#89b4d199ab2bee49de164ea02b89ce462d71b767"

big-time@2.x.x:
  version "2.0.1"
  resolved "https://registry.yarnpkg.com/big-time/-/big-time-2.0.1.tgz#68c7df8dc30f97e953f25a67a76ac9713c16c9de"

blipp@^3.0.0:
  version "3.0.0"
  resolved "https://registry.yarnpkg.com/blipp/-/blipp-3.0.0.tgz#8a995a643acb7f6af91cf99d86720146bf9884c8"
  dependencies:
    chalk "^2.3.0"
    hoek "^5.0.2"
    joi "^13.0.1"

boom@4.x.x:
  version "4.3.1"
  resolved "https://registry.yarnpkg.com/boom/-/boom-4.3.1.tgz#4f8a3005cb4a7e3889f749030fd25b96e01d2e31"
  dependencies:
    hoek "4.x.x"

boom@7.x.x:
  version "7.2.0"
  resolved "https://registry.yarnpkg.com/boom/-/boom-7.2.0.tgz#2bff24a55565767fde869ec808317eb10c48e966"
  dependencies:
    hoek "5.x.x"

bounce@1.x.x:
  version "1.2.0"
  resolved "https://registry.yarnpkg.com/bounce/-/bounce-1.2.0.tgz#e3bac68c73fd256e38096551efc09f504873c8c8"
  dependencies:
    boom "7.x.x"
    hoek "5.x.x"

brace-expansion@^1.1.7:
  version "1.1.11"
  resolved "https://registry.yarnpkg.com/brace-expansion/-/brace-expansion-1.1.11.tgz#3c7fcbf529d87226f3d2f52b966ff5271eb441dd"
  dependencies:
    balanced-match "^1.0.0"
    concat-map "0.0.1"

call@5.x.x:
  version "5.0.1"
  resolved "https://registry.yarnpkg.com/call/-/call-5.0.1.tgz#ac1b5c106d9edc2a17af2a4a4f74dd4f0c06e910"
  dependencies:
    boom "7.x.x"
    hoek "5.x.x"

camelcase@^1.0.2:
  version "1.2.1"
  resolved "https://registry.yarnpkg.com/camelcase/-/camelcase-1.2.1.tgz#9bb5304d2e0b56698b2c758b08a3eaa9daa58a39"

camelcase@^4.1.0:
  version "4.1.0"
  resolved "https://registry.yarnpkg.com/camelcase/-/camelcase-4.1.0.tgz#d545635be1e33c542649c69173e5de6acfae34dd"

catbox-memory@3.x.x:
  version "3.1.2"
  resolved "https://registry.yarnpkg.com/catbox-memory/-/catbox-memory-3.1.2.tgz#4aeec1bc994419c0f7e60087f172aaedd9b4911c"
  dependencies:
    big-time "2.x.x"
    boom "7.x.x"
    hoek "5.x.x"

catbox@10.x.x:
  version "10.0.2"
  resolved "https://registry.yarnpkg.com/catbox/-/catbox-10.0.2.tgz#e6ac1f35102d1a9bd07915b82e508d12b50a8bfa"
  dependencies:
    boom "7.x.x"
    bounce "1.x.x"
    hoek "5.x.x"
    joi "13.x.x"

center-align@^0.1.1:
  version "0.1.3"
  resolved "https://registry.yarnpkg.com/center-align/-/center-align-0.1.3.tgz#aa0d32629b6ee972200411cbd4461c907bc2b7ad"
  dependencies:
    align-text "^0.1.3"
    lazy-cache "^1.0.3"

chalk@^2.3.0:
  version "2.4.1"
  resolved "https://registry.yarnpkg.com/chalk/-/chalk-2.4.1.tgz#18c49ab16a037b6eb0152cc83e3471338215b66e"
  dependencies:
    ansi-styles "^3.2.1"
    escape-string-regexp "^1.0.5"
    supports-color "^5.3.0"

cliui@^2.1.0:
  version "2.1.0"
  resolved "https://registry.yarnpkg.com/cliui/-/cliui-2.1.0.tgz#4b475760ff80264c762c3a1719032e91c7fea0d1"
  dependencies:
    center-align "^0.1.1"
    right-align "^0.1.1"
    wordwrap "0.0.2"

cliui@^4.0.0:
  version "4.1.0"
  resolved "https://registry.yarnpkg.com/cliui/-/cliui-4.1.0.tgz#348422dbe82d800b3022eef4f6ac10bf2e4d1b49"
  dependencies:
    string-width "^2.1.1"
    strip-ansi "^4.0.0"
    wrap-ansi "^2.0.0"

code-point-at@^1.0.0:
  version "1.1.0"
  resolved "https://registry.yarnpkg.com/code-point-at/-/code-point-at-1.1.0.tgz#0d070b4d043a5bea33a2f1a40e2edb3d9a4ccf77"

color-convert@^1.9.0:
  version "1.9.1"
  resolved "https://registry.yarnpkg.com/color-convert/-/color-convert-1.9.1.tgz#c1261107aeb2f294ebffec9ed9ecad529a6097ed"
  dependencies:
    color-name "^1.1.1"

color-name@^1.1.1:
  version "1.1.3"
  resolved "https://registry.yarnpkg.com/color-name/-/color-name-1.1.3.tgz#a7d0558bd89c42f795dd42328f740831ca53bc25"

commander@1.0.0:
  version "1.0.0"
  resolved "https://registry.yarnpkg.com/commander/-/commander-1.0.0.tgz#5e6a88e7070ff5908836ead19169548c30f90bcd"

concat-map@0.0.1:
  version "0.0.1"
  resolved "https://registry.yarnpkg.com/concat-map/-/concat-map-0.0.1.tgz#d8a96bd77fd68df7793a73036a3ba0d5405d477b"

content@4.x.x:
  version "4.0.5"
  resolved "https://registry.yarnpkg.com/content/-/content-4.0.5.tgz#bc547deabc889ab69bce17faf3585c29f4c41bf2"
  dependencies:
    boom "7.x.x"

core-util-is@~1.0.0:
  version "1.0.2"
  resolved "https://registry.yarnpkg.com/core-util-is/-/core-util-is-1.0.2.tgz#b5fd54220aa2bc5ab57aab7140c940754503c1a7"

cross-spawn@^5.0.1:
  version "5.1.0"
  resolved "https://registry.yarnpkg.com/cross-spawn/-/cross-spawn-5.1.0.tgz#e8bd0efee58fcff6f8f94510a0a554bbfa235449"
  dependencies:
    lru-cache "^4.0.1"
    shebang-command "^1.2.0"
    which "^1.2.9"

cryptiles@4.x.x:
  version "4.1.1"
  resolved "https://registry.yarnpkg.com/cryptiles/-/cryptiles-4.1.1.tgz#169256b9df9fe3c73f8085c99e30b32247d4ab46"
  dependencies:
    boom "7.x.x"

decamelize@^1.0.0, decamelize@^1.1.1:
  version "1.2.0"
  resolved "https://registry.yarnpkg.com/decamelize/-/decamelize-1.2.0.tgz#f6534d15148269b20352e7bee26f501f9a191290"

duplexify@^3.5.3:
  version "3.6.0"
  resolved "https://registry.yarnpkg.com/duplexify/-/duplexify-3.6.0.tgz#592903f5d80b38d037220541264d69a198fb3410"
  dependencies:
    end-of-stream "^1.0.0"
    inherits "^2.0.1"
    readable-stream "^2.0.0"
    stream-shift "^1.0.0"

end-of-stream@^1.0.0, end-of-stream@^1.1.0:
  version "1.4.1"
  resolved "https://registry.yarnpkg.com/end-of-stream/-/end-of-stream-1.4.1.tgz#ed29634d19baba463b6ce6b80a37213eab71ec43"
  dependencies:
    once "^1.4.0"

escape-string-regexp@^1.0.5:
  version "1.0.5"
  resolved "https://registry.yarnpkg.com/escape-string-regexp/-/escape-string-regexp-1.0.5.tgz#1b61c0562190a8dff6ae3bb2cf0200ca130b86d4"

esprima@^4.0.0:
  version "4.0.0"
  resolved "https://registry.yarnpkg.com/esprima/-/esprima-4.0.0.tgz#4499eddcd1110e0b218bacf2fa7f7f59f55ca804"

execa@^0.7.0:
  version "0.7.0"
  resolved "https://registry.yarnpkg.com/execa/-/execa-0.7.0.tgz#944becd34cc41ee32a63a9faf27ad5a65fc59777"
  dependencies:
    cross-spawn "^5.0.1"
    get-stream "^3.0.0"
    is-stream "^1.1.0"
    npm-run-path "^2.0.0"
    p-finally "^1.0.0"
    signal-exit "^3.0.0"
    strip-eof "^1.0.0"

fast-safe-stringify@1.1.x:
  version "1.1.13"
  resolved "https://registry.yarnpkg.com/fast-safe-stringify/-/fast-safe-stringify-1.1.13.tgz#a01e9cd9c9e491715c98a75a42d5f0bbd107ff76"

fast-safe-stringify@2.0.x:
  version "2.0.4"
  resolved "https://registry.yarnpkg.com/fast-safe-stringify/-/fast-safe-stringify-2.0.4.tgz#4fe828718aa61dbcf9119c3c24e79cc4dea973b2"

find-up@^2.1.0:
  version "2.1.0"
  resolved "https://registry.yarnpkg.com/find-up/-/find-up-2.1.0.tgz#45d1b7e506c717ddd482775a2b77920a3c0c57a7"
  dependencies:
    locate-path "^2.0.0"

fs-extra@0.26.7:
  version "0.26.7"
  resolved "https://registry.yarnpkg.com/fs-extra/-/fs-extra-0.26.7.tgz#9ae1fdd94897798edab76d0918cf42d0c3184fa9"
  dependencies:
    graceful-fs "^4.1.2"
    jsonfile "^2.1.0"
    klaw "^1.0.0"
    path-is-absolute "^1.0.0"
    rimraf "^2.2.8"

fs.realpath@^1.0.0:
  version "1.0.0"
  resolved "https://registry.yarnpkg.com/fs.realpath/-/fs.realpath-1.0.0.tgz#1504ad2523158caa40db4a2787cb01411994ea4f"

get-caller-file@^1.0.1:
  version "1.0.2"
  resolved "https://registry.yarnpkg.com/get-caller-file/-/get-caller-file-1.0.2.tgz#f702e63127e7e231c160a80c1554acb70d5047e5"

get-stream@^3.0.0:
  version "3.0.0"
  resolved "https://registry.yarnpkg.com/get-stream/-/get-stream-3.0.0.tgz#8e943d1358dc37555054ecbe2edb05aa174ede14"

glob@^7.0.5:
  version "7.1.2"
  resolved "https://registry.yarnpkg.com/glob/-/glob-7.1.2.tgz#c19c9df9a028702d678612384a6552404c636d15"
  dependencies:
    fs.realpath "^1.0.0"
    inflight "^1.0.4"
    inherits "2"
    minimatch "^3.0.4"
    once "^1.3.0"
    path-is-absolute "^1.0.0"

good-console@^7.1.0:
  version "7.1.0"
  resolved "https://registry.yarnpkg.com/good-console/-/good-console-7.1.0.tgz#ebcf948d7adb8898145bdc76f2f7cdd64641b4a0"
  dependencies:
    hoek "4.x.x"
    joi "12.x.x"
    json-stringify-safe "5.0.x"
    moment "2.20.x"

good-file@^6.0.1:
  version "6.0.1"
  resolved "https://registry.yarnpkg.com/good-file/-/good-file-6.0.1.tgz#a4260d2232585d52f3054756b2dde27de42697cb"
  dependencies:
    fs-extra "0.26.7"

good-http@^6.1.3:
  version "6.1.3"
  resolved "https://registry.yarnpkg.com/good-http/-/good-http-6.1.3.tgz#a41d245faa75af48480cff720f4bde12feb196bc"
  dependencies:
    fast-safe-stringify "1.1.x"
    wreck "10.x.x"

good-squeeze@^5.1.0:
  version "5.1.0"
  resolved "https://registry.yarnpkg.com/good-squeeze/-/good-squeeze-5.1.0.tgz#265f3e8be6081aa44c55d484d1af375e166752b9"
  dependencies:
    fast-safe-stringify "2.0.x"
    hoek "4.2.x"

good@^8.1.1:
  version "8.1.1"
  resolved "https://registry.yarnpkg.com/good/-/good-8.1.1.tgz#02b38a9bdab4862d9a4e7897b13a88f6663cd81f"
  dependencies:
    hoek "5.x.x"
    joi "13.x.x"
    oppsy "2.x.x"
    pumpify "1.3.x"

graceful-fs@^4.1.2, graceful-fs@^4.1.6, graceful-fs@^4.1.9:
  version "4.1.11"
  resolved "https://registry.yarnpkg.com/graceful-fs/-/graceful-fs-4.1.11.tgz#0e8bdfe4d1ddb8854d64e04ea7c00e2a026e5658"

handlebars@^4.0.11:
  version "4.0.11"
  resolved "https://registry.yarnpkg.com/handlebars/-/handlebars-4.0.11.tgz#630a35dfe0294bc281edae6ffc5d329fc7982dcc"
  dependencies:
    async "^1.4.0"
    optimist "^0.6.1"
    source-map "^0.4.4"
  optionalDependencies:
    uglify-js "^2.6"

hapi@^17.5.0:
  version "17.5.0"
  resolved "https://registry.yarnpkg.com/hapi/-/hapi-17.5.0.tgz#9fc33f10d6f563d0203853937b60dd13a59b51ce"
  dependencies:
    accept "3.x.x"
    ammo "3.x.x"
    boom "7.x.x"
    bounce "1.x.x"
    call "5.x.x"
    catbox "10.x.x"
    catbox-memory "3.x.x"
    heavy "6.x.x"
    hoek "5.x.x"
    joi "13.x.x"
    mimos "4.x.x"
    podium "3.x.x"
    shot "4.x.x"
    statehood "6.x.x"
    subtext "6.x.x"
    teamwork "3.x.x"
    topo "3.x.x"

has-flag@^3.0.0:
  version "3.0.0"
  resolved "https://registry.yarnpkg.com/has-flag/-/has-flag-3.0.0.tgz#b5d454dc2199ae225699f3467e5a07f3b955bafd"

heavy@6.x.x:
  version "6.1.0"
  resolved "https://registry.yarnpkg.com/heavy/-/heavy-6.1.0.tgz#1bbfa43dc61dd4b543ede3ff87db8306b7967274"
  dependencies:
    boom "7.x.x"
    hoek "5.x.x"
    joi "13.x.x"

hoek@4.2.x, hoek@4.x.x:
  version "4.2.1"
  resolved "https://registry.yarnpkg.com/hoek/-/hoek-4.2.1.tgz#9634502aa12c445dd5a7c5734b572bb8738aacbb"

hoek@5.x.x, hoek@^5.0.2:
  version "5.0.3"
  resolved "https://registry.yarnpkg.com/hoek/-/hoek-5.0.3.tgz#b71d40d943d0a95da01956b547f83c4a5b4a34ac"

inert@^5.1.0:
  version "5.1.0"
  resolved "https://registry.yarnpkg.com/inert/-/inert-5.1.0.tgz#e9f130dc3047ccd9ffaa64b157b4c1114611035d"
  dependencies:
    ammo "3.x.x"
    boom "7.x.x"
    bounce "1.x.x"
    hoek "5.x.x"
    joi "13.x.x"
    lru-cache "4.1.x"

inflight@^1.0.4:
  version "1.0.6"
  resolved "https://registry.yarnpkg.com/inflight/-/inflight-1.0.6.tgz#49bd6331d7d02d0c09bc910a1075ba8165b56df9"
  dependencies:
    once "^1.3.0"
    wrappy "1"

inherits@2, inherits@^2.0.1, inherits@^2.0.3, inherits@~2.0.3:
  version "2.0.3"
  resolved "https://registry.yarnpkg.com/inherits/-/inherits-2.0.3.tgz#633c2c83e3da42a502f52466022480f4208261de"

invert-kv@^1.0.0:
  version "1.0.0"
  resolved "https://registry.yarnpkg.com/invert-kv/-/invert-kv-1.0.0.tgz#104a8e4aaca6d3d8cd157a8ef8bfab2d7a3ffdb6"

iron@5.x.x:
  version "5.0.4"
  resolved "https://registry.yarnpkg.com/iron/-/iron-5.0.4.tgz#003ed822f656f07c2b62762815f5de3947326867"
  dependencies:
    boom "7.x.x"
    cryptiles "4.x.x"
    hoek "5.x.x"

is-buffer@^1.1.5:
  version "1.1.6"
  resolved "https://registry.yarnpkg.com/is-buffer/-/is-buffer-1.1.6.tgz#efaa2ea9daa0d7ab2ea13a97b2b8ad51fefbe8be"

is-fullwidth-code-point@^1.0.0:
  version "1.0.0"
  resolved "https://registry.yarnpkg.com/is-fullwidth-code-point/-/is-fullwidth-code-point-1.0.0.tgz#ef9e31386f031a7f0d643af82fde50c457ef00cb"
  dependencies:
    number-is-nan "^1.0.0"

is-fullwidth-code-point@^2.0.0:
  version "2.0.0"
  resolved "https://registry.yarnpkg.com/is-fullwidth-code-point/-/is-fullwidth-code-point-2.0.0.tgz#a3b30a5c4f199183167aaab93beefae3ddfb654f"

is-stream@^1.1.0:
  version "1.1.0"
  resolved "https://registry.yarnpkg.com/is-stream/-/is-stream-1.1.0.tgz#12d4a3dd4e68e0b79ceb8dbc84173ae80d91ca44"

isarray@~1.0.0:
  version "1.0.0"
  resolved "https://registry.yarnpkg.com/isarray/-/isarray-1.0.0.tgz#bb935d48582cba168c06834957a54a3e07124f11"

isemail@3.x.x:
  version "3.1.2"
  resolved "https://registry.yarnpkg.com/isemail/-/isemail-3.1.2.tgz#937cf919002077999a73ea8b1951d590e84e01dd"
  dependencies:
    punycode "2.x.x"

isexe@^2.0.0:
  version "2.0.0"
  resolved "https://registry.yarnpkg.com/isexe/-/isexe-2.0.0.tgz#e8fbf374dc556ff8947a10dcb0572d633f2cfa10"

items@2.x.x:
  version "2.1.1"
  resolved "https://registry.yarnpkg.com/items/-/items-2.1.1.tgz#8bd16d9c83b19529de5aea321acaada78364a198"

joi@12.x.x:
  version "12.0.0"
  resolved "https://registry.yarnpkg.com/joi/-/joi-12.0.0.tgz#46f55e68f4d9628f01bbb695902c8b307ad8d33a"
  dependencies:
    hoek "4.x.x"
    isemail "3.x.x"
    topo "2.x.x"

joi@13.x.x, joi@^13.0.1:
  version "13.3.0"
  resolved "https://registry.yarnpkg.com/joi/-/joi-13.3.0.tgz#4defd4333b539c5d10e444ab44f5a5583480f17c"
  dependencies:
    hoek "5.x.x"
    isemail "3.x.x"
    topo "3.x.x"

js-yaml@^3.10.0:
  version "3.11.0"
  resolved "https://registry.yarnpkg.com/js-yaml/-/js-yaml-3.11.0.tgz#597c1a8bd57152f26d622ce4117851a51f5ebaef"
  dependencies:
    argparse "^1.0.7"
    esprima "^4.0.0"

json-stringify-safe@5.0.x:
  version "5.0.1"
  resolved "https://registry.yarnpkg.com/json-stringify-safe/-/json-stringify-safe-5.0.1.tgz#1296a2d58fd45f19a0f6ce01d65701e2c735b6eb"

jsonfile@^2.1.0:
  version "2.4.0"
  resolved "https://registry.yarnpkg.com/jsonfile/-/jsonfile-2.4.0.tgz#3736a2b428b87bbda0cc83b53fa3d633a35c2ae8"
  optionalDependencies:
    graceful-fs "^4.1.6"

kind-of@^3.0.2:
  version "3.2.2"
  resolved "https://registry.yarnpkg.com/kind-of/-/kind-of-3.2.2.tgz#31ea21a734bab9bbb0f32466d893aea51e4a3c64"
  dependencies:
    is-buffer "^1.1.5"

klaw@^1.0.0:
  version "1.3.1"
  resolved "https://registry.yarnpkg.com/klaw/-/klaw-1.3.1.tgz#4088433b46b3b1ba259d78785d8e96f73ba02439"
  optionalDependencies:
    graceful-fs "^4.1.9"

lazy-cache@^1.0.3:
  version "1.0.4"
  resolved "https://registry.yarnpkg.com/lazy-cache/-/lazy-cache-1.0.4.tgz#a1d78fc3a50474cb80845d3b3b6e1da49a446e8e"

lcid@^1.0.0:
  version "1.0.0"
  resolved "https://registry.yarnpkg.com/lcid/-/lcid-1.0.0.tgz#308accafa0bc483a3867b4b6f2b9506251d1b835"
  dependencies:
    invert-kv "^1.0.0"

leaflet@^1.3.1:
  version "1.3.1"
  resolved "https://registry.yarnpkg.com/leaflet/-/leaflet-1.3.1.tgz#86f336d2fb0e2d0ff446677049a5dc34cf0ea60e"

locate-path@^2.0.0:
  version "2.0.0"
  resolved "https://registry.yarnpkg.com/locate-path/-/locate-path-2.0.0.tgz#2b568b265eec944c6d9c0de9c3dbbbca0354cd8e"
  dependencies:
    p-locate "^2.0.0"
    path-exists "^3.0.0"

longest@^1.0.1:
  version "1.0.1"
  resolved "https://registry.yarnpkg.com/longest/-/longest-1.0.1.tgz#30a0b2da38f73770e8294a0d22e6625ed77d0097"

lru-cache@4.1.x, lru-cache@^4.0.1:
  version "4.1.3"
  resolved "https://registry.yarnpkg.com/lru-cache/-/lru-cache-4.1.3.tgz#a1175cf3496dfc8436c156c334b4955992bce69c"
  dependencies:
    pseudomap "^1.0.2"
    yallist "^2.1.2"

mem@^1.1.0:
  version "1.1.0"
  resolved "https://registry.yarnpkg.com/mem/-/mem-1.1.0.tgz#5edd52b485ca1d900fe64895505399a0dfa45f76"
  dependencies:
    mimic-fn "^1.0.0"

mime-db@1.x.x:
  version "1.33.0"
  resolved "https://registry.yarnpkg.com/mime-db/-/mime-db-1.33.0.tgz#a3492050a5cb9b63450541e39d9788d2272783db"

mimic-fn@^1.0.0:
  version "1.2.0"
  resolved "https://registry.yarnpkg.com/mimic-fn/-/mimic-fn-1.2.0.tgz#820c86a39334640e99516928bd03fca88057d022"

mimos@4.x.x:
  version "4.0.0"
  resolved "https://registry.yarnpkg.com/mimos/-/mimos-4.0.0.tgz#76e3d27128431cb6482fd15b20475719ad626a5a"
  dependencies:
    hoek "5.x.x"
    mime-db "1.x.x"

minimatch@^3.0.4:
  version "3.0.4"
  resolved "https://registry.yarnpkg.com/minimatch/-/minimatch-3.0.4.tgz#5166e286457f03306064be5497e8dbb0c3d32083"
  dependencies:
    brace-expansion "^1.1.7"

minimist@~0.0.1:
  version "0.0.10"
  resolved "https://registry.yarnpkg.com/minimist/-/minimist-0.0.10.tgz#de3f98543dbf96082be48ad1a0c7cda836301dcf"

moment@2.20.x:
  version "2.20.1"
  resolved "https://registry.yarnpkg.com/moment/-/moment-2.20.1.tgz#d6eb1a46cbcc14a2b2f9434112c1ff8907f313fd"

nigel@3.x.x:
  version "3.0.1"
  resolved "https://registry.yarnpkg.com/nigel/-/nigel-3.0.1.tgz#48a08859d65177312f1c25af7252c1e07bb07c2a"
  dependencies:
    hoek "5.x.x"
    vise "3.x.x"

npm-run-path@^2.0.0:
  version "2.0.2"
  resolved "https://registry.yarnpkg.com/npm-run-path/-/npm-run-path-2.0.2.tgz#35a9232dfa35d7067b4cb2ddf2357b1871536c5f"
  dependencies:
    path-key "^2.0.0"

number-is-nan@^1.0.0:
  version "1.0.1"
  resolved "https://registry.yarnpkg.com/number-is-nan/-/number-is-nan-1.0.1.tgz#097b602b53422a522c1afb8790318336941a011d"

once@^1.3.0, once@^1.3.1, once@^1.4.0:
  version "1.4.0"
  resolved "https://registry.yarnpkg.com/once/-/once-1.4.0.tgz#583b1aa775961d4b113ac17d9c50baef9dd76bd1"
  dependencies:
    wrappy "1"

oppsy@2.x.x:
  version "2.0.0"
  resolved "https://registry.yarnpkg.com/oppsy/-/oppsy-2.0.0.tgz#3a194517adc24c3c61cdc56f35f4537e93a35e34"
  dependencies:
    hoek "5.x.x"

optimist@^0.6.1:
  version "0.6.1"
  resolved "https://registry.yarnpkg.com/optimist/-/optimist-0.6.1.tgz#da3ea74686fa21a19a111c326e90eb15a0196686"
  dependencies:
    minimist "~0.0.1"
    wordwrap "~0.0.2"

os-locale@^2.0.0:
  version "2.1.0"
  resolved "https://registry.yarnpkg.com/os-locale/-/os-locale-2.1.0.tgz#42bc2900a6b5b8bd17376c8e882b65afccf24bf2"
  dependencies:
    execa "^0.7.0"
    lcid "^1.0.0"
    mem "^1.1.0"

p-finally@^1.0.0:
  version "1.0.0"
  resolved "https://registry.yarnpkg.com/p-finally/-/p-finally-1.0.0.tgz#3fbcfb15b899a44123b34b6dcc18b724336a2cae"

p-limit@^1.1.0:
  version "1.2.0"
  resolved "https://registry.yarnpkg.com/p-limit/-/p-limit-1.2.0.tgz#0e92b6bedcb59f022c13d0f1949dc82d15909f1c"
  dependencies:
    p-try "^1.0.0"

p-locate@^2.0.0:
  version "2.0.0"
  resolved "https://registry.yarnpkg.com/p-locate/-/p-locate-2.0.0.tgz#20a0103b222a70c8fd39cc2e580680f3dde5ec43"
  dependencies:
    p-limit "^1.1.0"

p-try@^1.0.0:
  version "1.0.0"
  resolved "https://registry.yarnpkg.com/p-try/-/p-try-1.0.0.tgz#cbc79cdbaf8fd4228e13f621f2b1a237c1b207b3"

paper@^0.11.5:
  version "0.11.5"
  resolved "https://registry.yarnpkg.com/paper/-/paper-0.11.5.tgz#d662de67bce8218c287bfe17586d099d2cc48040"

path-exists@^3.0.0:
  version "3.0.0"
  resolved "https://registry.yarnpkg.com/path-exists/-/path-exists-3.0.0.tgz#ce0ebeaa5f78cb18925ea7d810d7b59b010fd515"

path-is-absolute@^1.0.0:
  version "1.0.1"
  resolved "https://registry.yarnpkg.com/path-is-absolute/-/path-is-absolute-1.0.1.tgz#174b9268735534ffbc7ace6bf53a5a9e1b5c5f5f"

path-key@^2.0.0:
  version "2.0.1"
  resolved "https://registry.yarnpkg.com/path-key/-/path-key-2.0.1.tgz#411cadb574c5a140d3a4b1910d40d80cc9f40b40"

pez@4.x.x:
  version "4.0.2"
  resolved "https://registry.yarnpkg.com/pez/-/pez-4.0.2.tgz#0a7c81b64968e90b0e9562b398f390939e9c4b53"
  dependencies:
    b64 "4.x.x"
    boom "7.x.x"
    content "4.x.x"
    hoek "5.x.x"
    nigel "3.x.x"

podium@3.x.x:
  version "3.1.2"
  resolved "https://registry.yarnpkg.com/podium/-/podium-3.1.2.tgz#b701429739cf6bdde6b3015ae6b48d400817ce9e"
  dependencies:
    hoek "5.x.x"
    joi "13.x.x"

process-nextick-args@~2.0.0:
  version "2.0.0"
  resolved "https://registry.yarnpkg.com/process-nextick-args/-/process-nextick-args-2.0.0.tgz#a37d732f4271b4ab1ad070d35508e8290788ffaa"

pseudomap@^1.0.2:
  version "1.0.2"
  resolved "https://registry.yarnpkg.com/pseudomap/-/pseudomap-1.0.2.tgz#f052a28da70e618917ef0a8ac34c1ae5a68286b3"

pump@^2.0.0:
  version "2.0.1"
  resolved "https://registry.yarnpkg.com/pump/-/pump-2.0.1.tgz#12399add6e4cf7526d973cbc8b5ce2e2908b3909"
  dependencies:
    end-of-stream "^1.1.0"
    once "^1.3.1"

pumpify@1.3.x:
  version "1.3.6"
  resolved "https://registry.yarnpkg.com/pumpify/-/pumpify-1.3.6.tgz#00d40e5ded0a3bf1e0788b1c0cf426a42882ab64"
  dependencies:
    duplexify "^3.5.3"
    inherits "^2.0.3"
    pump "^2.0.0"

punycode@2.x.x:
  version "2.1.1"
  resolved "https://registry.yarnpkg.com/punycode/-/punycode-2.1.1.tgz#b58b010ac40c22c5657616c8d2c2c02c7bf479ec"

readable-stream@^2.0.0:
  version "2.3.6"
  resolved "https://registry.yarnpkg.com/readable-stream/-/readable-stream-2.3.6.tgz#b11c27d88b8ff1fbe070643cf94b0c79ae1b0aaf"
  dependencies:
    core-util-is "~1.0.0"
    inherits "~2.0.3"
    isarray "~1.0.0"
    process-nextick-args "~2.0.0"
    safe-buffer "~5.1.1"
    string_decoder "~1.1.1"
    util-deprecate "~1.0.1"

repeat-string@^1.5.2:
  version "1.6.1"
  resolved "https://registry.yarnpkg.com/repeat-string/-/repeat-string-1.6.1.tgz#8dcae470e1c88abc2d600fff4a776286da75e637"

require-directory@^2.1.1:
  version "2.1.1"
  resolved "https://registry.yarnpkg.com/require-directory/-/require-directory-2.1.1.tgz#8c64ad5fd30dab1c976e2344ffe7f792a6a6df42"

require-main-filename@^1.0.1:
  version "1.0.1"
  resolved "https://registry.yarnpkg.com/require-main-filename/-/require-main-filename-1.0.1.tgz#97f717b69d48784f5f526a6c5aa8ffdda055a4d1"

right-align@^0.1.1:
  version "0.1.3"
  resolved "https://registry.yarnpkg.com/right-align/-/right-align-0.1.3.tgz#61339b722fe6a3515689210d24e14c96148613ef"
  dependencies:
    align-text "^0.1.1"

rimraf@^2.2.8:
  version "2.6.2"
  resolved "https://registry.yarnpkg.com/rimraf/-/rimraf-2.6.2.tgz#2ed8150d24a16ea8651e6d6ef0f47c4158ce7a36"
  dependencies:
    glob "^7.0.5"

safe-buffer@~5.1.0, safe-buffer@~5.1.1:
  version "5.1.2"
  resolved "https://registry.yarnpkg.com/safe-buffer/-/safe-buffer-5.1.2.tgz#991ec69d296e0313747d59bdfd2b745c35f8828d"

set-blocking@^2.0.0:
  version "2.0.0"
  resolved "https://registry.yarnpkg.com/set-blocking/-/set-blocking-2.0.0.tgz#045f9782d011ae9a6803ddd382b24392b3d890f7"

shebang-command@^1.2.0:
  version "1.2.0"
  resolved "https://registry.yarnpkg.com/shebang-command/-/shebang-command-1.2.0.tgz#44aac65b695b03398968c39f363fee5deafdf1ea"
  dependencies:
    shebang-regex "^1.0.0"

shebang-regex@^1.0.0:
  version "1.0.0"
  resolved "https://registry.yarnpkg.com/shebang-regex/-/shebang-regex-1.0.0.tgz#da42f49740c0b42db2ca9728571cb190c98efea3"

shot@4.x.x:
  version "4.0.5"
  resolved "https://registry.yarnpkg.com/shot/-/shot-4.0.5.tgz#c7e7455d11d60f6b6cd3c43e15a3b431c17e5566"
  dependencies:
    hoek "5.x.x"
    joi "13.x.x"

showdown@^1.8.6:
  version "1.8.6"
  resolved "https://registry.yarnpkg.com/showdown/-/showdown-1.8.6.tgz#91ea4ee3b7a5448aaca6820a4e27e690c6ad771c"
  dependencies:
    yargs "^10.0.3"

signal-exit@^3.0.0:
  version "3.0.2"
  resolved "https://registry.yarnpkg.com/signal-exit/-/signal-exit-3.0.2.tgz#b5fdc08f1287ea1178628e415e25132b73646c6d"

smoothie@^1.35.0:
  version "1.35.0"
  resolved "https://registry.yarnpkg.com/smoothie/-/smoothie-1.35.0.tgz#91dff7f22ec770044c7e6a1323a694a4fd96d001"

source-map@^0.4.4:
  version "0.4.4"
  resolved "https://registry.yarnpkg.com/source-map/-/source-map-0.4.4.tgz#eba4f5da9c0dc999de68032d8b4f76173652036b"
  dependencies:
    amdefine ">=0.0.4"

source-map@~0.5.1:
  version "0.5.7"
  resolved "https://registry.yarnpkg.com/source-map/-/source-map-0.5.7.tgz#8a039d2d1021d22d1ea14c80d8ea468ba2ef3fcc"

sprintf-js@~1.0.2:
  version "1.0.3"
  resolved "https://registry.yarnpkg.com/sprintf-js/-/sprintf-js-1.0.3.tgz#04e6926f662895354f3dd015203633b857297e2c"

statehood@6.x.x:
  version "6.0.6"
  resolved "https://registry.yarnpkg.com/statehood/-/statehood-6.0.6.tgz#0dbd7c50774d3f61a24e42b0673093bbc81fa5f0"
  dependencies:
    boom "7.x.x"
    bounce "1.x.x"
    cryptiles "4.x.x"
    hoek "5.x.x"
    iron "5.x.x"
    joi "13.x.x"

stream-shift@^1.0.0:
  version "1.0.0"
  resolved "https://registry.yarnpkg.com/stream-shift/-/stream-shift-1.0.0.tgz#d5c752825e5367e786f78e18e445ea223a155952"

string-width@^1.0.1:
  version "1.0.2"
  resolved "https://registry.yarnpkg.com/string-width/-/string-width-1.0.2.tgz#118bdf5b8cdc51a2a7e70d211e07e2b0b9b107d3"
  dependencies:
    code-point-at "^1.0.0"
    is-fullwidth-code-point "^1.0.0"
    strip-ansi "^3.0.0"

string-width@^2.0.0, string-width@^2.1.1:
  version "2.1.1"
  resolved "https://registry.yarnpkg.com/string-width/-/string-width-2.1.1.tgz#ab93f27a8dc13d28cac815c462143a6d9012ae9e"
  dependencies:
    is-fullwidth-code-point "^2.0.0"
    strip-ansi "^4.0.0"

string_decoder@~1.1.1:
  version "1.1.1"
  resolved "https://registry.yarnpkg.com/string_decoder/-/string_decoder-1.1.1.tgz#9cf1611ba62685d7030ae9e4ba34149c3af03fc8"
  dependencies:
    safe-buffer "~5.1.0"

strip-ansi@^3.0.0, strip-ansi@^3.0.1:
  version "3.0.1"
  resolved "https://registry.yarnpkg.com/strip-ansi/-/strip-ansi-3.0.1.tgz#6a385fb8853d952d5ff05d0e8aaf94278dc63dcf"
  dependencies:
    ansi-regex "^2.0.0"

strip-ansi@^4.0.0:
  version "4.0.0"
  resolved "https://registry.yarnpkg.com/strip-ansi/-/strip-ansi-4.0.0.tgz#a8479022eb1ac368a871389b635262c505ee368f"
  dependencies:
    ansi-regex "^3.0.0"

strip-eof@^1.0.0:
  version "1.0.0"
  resolved "https://registry.yarnpkg.com/strip-eof/-/strip-eof-1.0.0.tgz#bb43ff5598a6eb05d89b59fcd129c983313606bf"

subtext@6.x.x:
  version "6.0.7"
  resolved "https://registry.yarnpkg.com/subtext/-/subtext-6.0.7.tgz#8e40a67901a734d598142665c90e398369b885f9"
  dependencies:
    boom "7.x.x"
    content "4.x.x"
    hoek "5.x.x"
    pez "4.x.x"
    wreck "14.x.x"

supports-color@^5.3.0:
  version "5.4.0"
  resolved "https://registry.yarnpkg.com/supports-color/-/supports-color-5.4.0.tgz#1c6b337402c2137605efe19f10fec390f6faab54"
  dependencies:
    has-flag "^3.0.0"

teamwork@3.x.x:
  version "3.0.1"
  resolved "https://registry.yarnpkg.com/teamwork/-/teamwork-3.0.1.tgz#ff38c7161f41f8070b7813716eb6154036ece196"

topo@2.x.x:
  version "2.0.2"
  resolved "https://registry.yarnpkg.com/topo/-/topo-2.0.2.tgz#cd5615752539057c0dc0491a621c3bc6fbe1d182"
  dependencies:
    hoek "4.x.x"

topo@3.x.x:
  version "3.0.0"
  resolved "https://registry.yarnpkg.com/topo/-/topo-3.0.0.tgz#37e48c330efeac784538e0acd3e62ca5e231fe7a"
  dependencies:
    hoek "5.x.x"

tunajs@^1.0.0:
  version "1.0.1"
  resolved "https://registry.yarnpkg.com/tunajs/-/tunajs-1.0.1.tgz#a0a5b9beb1a9468114919903a324842be3f6ffc6"

uglify-js@^2.6:
  version "2.8.29"
  resolved "https://registry.yarnpkg.com/uglify-js/-/uglify-js-2.8.29.tgz#29c5733148057bb4e1f75df35b7a9cb72e6a59dd"
  dependencies:
    source-map "~0.5.1"
    yargs "~3.10.0"
  optionalDependencies:
    uglify-to-browserify "~1.0.0"

uglify-to-browserify@~1.0.0:
  version "1.0.2"
  resolved "https://registry.yarnpkg.com/uglify-to-browserify/-/uglify-to-browserify-1.0.2.tgz#6e0924d6bda6b5afe349e39a6d632850a0f882b7"

util-deprecate@~1.0.1:
  version "1.0.2"
  resolved "https://registry.yarnpkg.com/util-deprecate/-/util-deprecate-1.0.2.tgz#450d4dc9fa70de732762fbd2d4a28981419a0ccf"

vise@3.x.x:
  version "3.0.0"
  resolved "https://registry.yarnpkg.com/vise/-/vise-3.0.0.tgz#76ad14ab31669c50fbb0817bc0e72fedcbb3bf4c"
  dependencies:
    hoek "5.x.x"

vision@^5.3.2:
  version "5.3.2"
  resolved "https://registry.yarnpkg.com/vision/-/vision-5.3.2.tgz#dcd244d07703b97ccd0ede18b0ad06eb4322dedb"
  dependencies:
    boom "7.x.x"
    hoek "5.x.x"
    items "2.x.x"
    joi "13.x.x"

web-audio-daw@^4.1.1:
  version "4.1.1"
  resolved "https://registry.yarnpkg.com/web-audio-daw/-/web-audio-daw-4.1.1.tgz#80bc65d347e5154cc37b4553bbb6fcf2adba2050"
  dependencies:
    tunajs "^1.0.0"

which-module@^2.0.0:
  version "2.0.0"
  resolved "https://registry.yarnpkg.com/which-module/-/which-module-2.0.0.tgz#d9ef07dce77b9902b8a3a8fa4b31c3e3f7e6e87a"

which@^1.2.9:
  version "1.3.0"
  resolved "https://registry.yarnpkg.com/which/-/which-1.3.0.tgz#ff04bdfc010ee547d780bec38e1ac1c2777d253a"
  dependencies:
    isexe "^2.0.0"

window-size@0.1.0:
  version "0.1.0"
  resolved "https://registry.yarnpkg.com/window-size/-/window-size-0.1.0.tgz#5438cd2ea93b202efa3a19fe8887aee7c94f9c9d"

wordwrap@0.0.2:
  version "0.0.2"
  resolved "https://registry.yarnpkg.com/wordwrap/-/wordwrap-0.0.2.tgz#b79669bb42ecb409f83d583cad52ca17eaa1643f"

wordwrap@~0.0.2:
  version "0.0.3"
  resolved "https://registry.yarnpkg.com/wordwrap/-/wordwrap-0.0.3.tgz#a3d5da6cd5c0bc0008d37234bbaf1bed63059107"

wrap-ansi@^2.0.0:
  version "2.1.0"
  resolved "https://registry.yarnpkg.com/wrap-ansi/-/wrap-ansi-2.1.0.tgz#d8fc3d284dd05794fe84973caecdd1cf824fdd85"
  dependencies:
    string-width "^1.0.1"
    strip-ansi "^3.0.1"

wrappy@1:
  version "1.0.2"
  resolved "https://registry.yarnpkg.com/wrappy/-/wrappy-1.0.2.tgz#b5243d8f3ec1aa35f1364605bc0d1036e30ab69f"

wreck@10.x.x:
  version "10.0.0"
  resolved "https://registry.yarnpkg.com/wreck/-/wreck-10.0.0.tgz#98ab882f85e16a526332507f101f5a7841162278"
  dependencies:
    boom "4.x.x"
    hoek "4.x.x"

wreck@14.x.x:
  version "14.0.2"
  resolved "https://registry.yarnpkg.com/wreck/-/wreck-14.0.2.tgz#89c17a9061c745ed1c3aebcb66ea181dbaab454c"
  dependencies:
    boom "7.x.x"
    hoek "5.x.x"

y18n@^3.2.1:
  version "3.2.1"
  resolved "https://registry.yarnpkg.com/y18n/-/y18n-3.2.1.tgz#6d15fba884c08679c0d77e88e7759e811e07fa41"

yallist@^2.1.2:
  version "2.1.2"
  resolved "https://registry.yarnpkg.com/yallist/-/yallist-2.1.2.tgz#1c11f9218f076089a47dd512f93c6699a6a81d52"

yaml-front-matter@^4.0.0:
  version "4.0.0"
  resolved "https://registry.yarnpkg.com/yaml-front-matter/-/yaml-front-matter-4.0.0.tgz#11c378c54eac3061a82cbaf693a69b4e4c44f484"
  dependencies:
    commander "1.0.0"
    js-yaml "^3.10.0"

yargs-parser@^8.1.0:
  version "8.1.0"
  resolved "https://registry.yarnpkg.com/yargs-parser/-/yargs-parser-8.1.0.tgz#f1376a33b6629a5d063782944da732631e966950"
  dependencies:
    camelcase "^4.1.0"

yargs@^10.0.3:
  version "10.1.2"
  resolved "https://registry.yarnpkg.com/yargs/-/yargs-10.1.2.tgz#454d074c2b16a51a43e2fb7807e4f9de69ccb5c5"
  dependencies:
    cliui "^4.0.0"
    decamelize "^1.1.1"
    find-up "^2.1.0"
    get-caller-file "^1.0.1"
    os-locale "^2.0.0"
    require-directory "^2.1.1"
    require-main-filename "^1.0.1"
    set-blocking "^2.0.0"
    string-width "^2.0.0"
    which-module "^2.0.0"
    y18n "^3.2.1"
    yargs-parser "^8.1.0"

yargs@~3.10.0:
  version "3.10.0"
  resolved "https://registry.yarnpkg.com/yargs/-/yargs-3.10.0.tgz#f7ee7bd857dd7c1d2d38c0e74efbd681d1431fd1"
  dependencies:
    camelcase "^1.0.2"
    cliui "^2.1.0"
    decamelize "^1.0.0"
    window-size "0.1.0"
